
Microsoft Visual Studio Solution File, Format Version 12.00
# Visual Studio Version 16
VisualStudioVersion = 16.0.31515.178
MinimumVisualStudioVersion = 10.0.40219.1
Project("{FAE04EC0-301F-11D3-BF4B-00C04F79EFBC}") = "InputRadioGroupEnumExample", "InputRadioGroupEnumExample\InputRadioGroupEnumExample.csproj", "{4BCB1D91-F4AE-4BA3-BE3A-86E65366724D}"
EndProject
Global
	GlobalSection(SolutionConfigurationPlatforms) = preSolution
		Debug|Any CPU = Debug|Any CPU
		Release|Any CPU = Release|Any CPU
	EndGlobalSection
	GlobalSection(ProjectConfigurationPlatforms) = postSolution
		{4BCB1D91-F4AE-4BA3-BE3A-86E65366724D}.Debug|Any CPU.ActiveCfg = Debug|Any CPU
		{4BCB1D91-F4AE-4BA3-BE3A-86E65366724D}.Debug|Any CPU.Build.0 = Debug|Any CPU
		{4BCB1D91-F4AE-4BA3-BE3A-86E65366724D}.Release|Any CPU.ActiveCfg = Release|Any CPU
		{4BCB1D91-F4AE-4BA3-BE3A-86E65366724D}.Release|Any CPU.Build.0 = Release|Any CPU
	EndGlobalSection
	GlobalSection(SolutionProperties) = preSolution
		HideSolutionNode = FALSE
	EndGlobalSection
	GlobalSection(ExtensibilityGlobals) = postSolution
		SolutionGuid = {AECA3B93-9687-4A1B-A6FD-8531EE0F233D}
	EndGlobalSection
EndGlobal
